// !$*UTF8*$!
{
	archiveVersion = 1;
	classes = {
	};
	objectVersion = 46;
	objects = {

/* Begin PBXBuildFile section */
		FA0E99AD13B4A02C006D4129 /* Foundation.framework in Frameworks */ = {isa = PBXBuildFile; fileRef = FA0E99AC13B4A02C006D4129 /* Foundation.framework */; };
		FA0E99AF13B4A02C006D4129 /* UIKit.framework in Frameworks */ = {isa = PBXBuildFile; fileRef = FA0E99AE13B4A02C006D4129 /* UIKit.framework */; };
		FA0E99B113B4A02C006D4129 /* CoreGraphics.framework in Frameworks */ = {isa = PBXBuildFile; fileRef = FA0E99B013B4A02C006D4129 /* CoreGraphics.framework */; };
		FA0E99B313B4A02C006D4129 /* AddressBook.framework in Frameworks */ = {isa = PBXBuildFile; fileRef = FA0E99B213B4A02C006D4129 /* AddressBook.framework */; };
		FA0E99B513B4A02C006D4129 /* AddressBookUI.framework in Frameworks */ = {isa = PBXBuildFile; fileRef = FA0E99B413B4A02C006D4129 /* AddressBookUI.framework */; };
		FA0E99B713B4A02C006D4129 /* AudioToolbox.framework in Frameworks */ = {isa = PBXBuildFile; fileRef = FA0E99B613B4A02C006D4129 /* AudioToolbox.framework */; };
		FA0E99B913B4A02C006D4129 /* AVFoundation.framework in Frameworks */ = {isa = PBXBuildFile; fileRef = FA0E99B813B4A02C006D4129 /* AVFoundation.framework */; };
		FA0E99BB13B4A02C006D4129 /* CoreLocation.framework in Frameworks */ = {isa = PBXBuildFile; fileRef = FA0E99BA13B4A02C006D4129 /* CoreLocation.framework */; };
		FA0E99BD13B4A02C006D4129 /* MediaPlayer.framework in Frameworks */ = {isa = PBXBuildFile; fileRef = FA0E99BC13B4A02C006D4129 /* MediaPlayer.framework */; };
		FA0E99BF13B4A02C006D4129 /* QuartzCore.framework in Frameworks */ = {isa = PBXBuildFile; fileRef = FA0E99BE13B4A02C006D4129 /* QuartzCore.framework */; };
		FA0E99C113B4A02C006D4129 /* SystemConfiguration.framework in Frameworks */ = {isa = PBXBuildFile; fileRef = FA0E99C013B4A02C006D4129 /* SystemConfiguration.framework */; };
		FA0E99C313B4A02C006D4129 /* MobileCoreServices.framework in Frameworks */ = {isa = PBXBuildFile; fileRef = FA0E99C213B4A02C006D4129 /* MobileCoreServices.framework */; };
		FA0E99C713B4A02C006D4129 /* Lom-Info.plist in Resources */ = {isa = PBXBuildFile; fileRef = FA0E99C613B4A02C006D4129 /* Lom-Info.plist */; };
		FA0E99CA13B4A02C006D4129 /* InfoPlist.strings in Resources */ = {isa = PBXBuildFile; fileRef = FA0E99C813B4A02C006D4129 /* InfoPlist.strings */; };
		FA0E99CD13B4A02C006D4129 /* main.m in Sources */ = {isa = PBXBuildFile; fileRef = FA0E99CC13B4A02C006D4129 /* main.m */; };
		FA0E99CF13B4A02C006D4129 /* PhoneGap.framework in Frameworks */ = {isa = PBXBuildFile; fileRef = FA0E99CE13B4A02C006D4129 /* PhoneGap.framework */; };
		FA0E99D313B4A02C006D4129 /* icon.png in Resources */ = {isa = PBXBuildFile; fileRef = FA0E99D213B4A02C006D4129 /* icon.png */; };
		FA0E99D513B4A02C006D4129 /* icon@2x.png in Resources */ = {isa = PBXBuildFile; fileRef = FA0E99D413B4A02C006D4129 /* icon@2x.png */; };
		FA0E99D713B4A02C006D4129 /* icon-72.png in Resources */ = {isa = PBXBuildFile; fileRef = FA0E99D613B4A02C006D4129 /* icon-72.png */; };
		FA0E99DA13B4A02C006D4129 /* Default.png in Resources */ = {isa = PBXBuildFile; fileRef = FA0E99D913B4A02C006D4129 /* Default.png */; };
		FA0E99DC13B4A02C006D4129 /* Default@2x.png in Resources */ = {isa = PBXBuildFile; fileRef = FA0E99DB13B4A02C006D4129 /* Default@2x.png */; };
		FA0E99DE13B4A02C006D4129 /* Default~iPad.png in Resources */ = {isa = PBXBuildFile; fileRef = FA0E99DD13B4A02C006D4129 /* Default~iPad.png */; };
		FA0E99E013B4A02C006D4129 /* PhoneGap.plist in Resources */ = {isa = PBXBuildFile; fileRef = FA0E99DF13B4A02C006D4129 /* PhoneGap.plist */; };
		FA0E99E313B4A02C006D4129 /* AppDelegate.h in Resources */ = {isa = PBXBuildFile; fileRef = FA0E99E213B4A02C006D4129 /* AppDelegate.h */; };
		FA0E99E513B4A02C006D4129 /* AppDelegate.m in Sources */ = {isa = PBXBuildFile; fileRef = FA0E99E413B4A02C006D4129 /* AppDelegate.m */; };
		FA0E99E813B4A02C006D4129 /* README in Resources */ = {isa = PBXBuildFile; fileRef = FA0E99E713B4A02C006D4129 /* README */; };
		FA0E99EF13B4A0AE006D4129 /* www in Resources */ = {isa = PBXBuildFile; fileRef = FA0E99EE13B4A0AE006D4129 /* www */; };
/* End PBXBuildFile section */

/* Begin PBXFileReference section */
		FA0E99A813B4A02C006D4129 /* Lom.app */ = {isa = PBXFileReference; explicitFileType = wrapper.application; includeInIndex = 0; path = Lom.app; sourceTree = BUILT_PRODUCTS_DIR; };
		FA0E99AC13B4A02C006D4129 /* Foundation.framework */ = {isa = PBXFileReference; lastKnownFileType = wrapper.framework; name = Foundation.framework; path = System/Library/Frameworks/Foundation.framework; sourceTree = SDKROOT; };
		FA0E99AE13B4A02C006D4129 /* UIKit.framework */ = {isa = PBXFileReference; lastKnownFileType = wrapper.framework; name = UIKit.framework; path = System/Library/Frameworks/UIKit.framework; sourceTree = SDKROOT; };
		FA0E99B013B4A02C006D4129 /* CoreGraphics.framework */ = {isa = PBXFileReference; lastKnownFileType = wrapper.framework; name = CoreGraphics.framework; path = System/Library/Frameworks/CoreGraphics.framework; sourceTree = SDKROOT; };
		FA0E99B213B4A02C006D4129 /* AddressBook.framework */ = {isa = PBXFileReference; lastKnownFileType = wrapper.framework; name = AddressBook.framework; path = System/Library/Frameworks/AddressBook.framework; sourceTree = SDKROOT; };
		FA0E99B413B4A02C006D4129 /* AddressBookUI.framework */ = {isa = PBXFileReference; lastKnownFileType = wrapper.framework; name = AddressBookUI.framework; path = System/Library/Frameworks/AddressBookUI.framework; sourceTree = SDKROOT; };
		FA0E99B613B4A02C006D4129 /* AudioToolbox.framework */ = {isa = PBXFileReference; lastKnownFileType = wrapper.framework; name = AudioToolbox.framework; path = System/Library/Frameworks/AudioToolbox.framework; sourceTree = SDKROOT; };
		FA0E99B813B4A02C006D4129 /* AVFoundation.framework */ = {isa = PBXFileReference; lastKnownFileType = wrapper.framework; name = AVFoundation.framework; path = System/Library/Frameworks/AVFoundation.framework; sourceTree = SDKROOT; };
		FA0E99BA13B4A02C006D4129 /* CoreLocation.framework */ = {isa = PBXFileReference; lastKnownFileType = wrapper.framework; name = CoreLocation.framework; path = System/Library/Frameworks/CoreLocation.framework; sourceTree = SDKROOT; };
		FA0E99BC13B4A02C006D4129 /* MediaPlayer.framework */ = {isa = PBXFileReference; lastKnownFileType = wrapper.framework; name = MediaPlayer.framework; path = System/Library/Frameworks/MediaPlayer.framework; sourceTree = SDKROOT; };
		FA0E99BE13B4A02C006D4129 /* QuartzCore.framework */ = {isa = PBXFileReference; lastKnownFileType = wrapper.framework; name = QuartzCore.framework; path = System/Library/Frameworks/QuartzCore.framework; sourceTree = SDKROOT; };
		FA0E99C013B4A02C006D4129 /* SystemConfiguration.framework */ = {isa = PBXFileReference; lastKnownFileType = wrapper.framework; name = SystemConfiguration.framework; path = System/Library/Frameworks/SystemConfiguration.framework; sourceTree = SDKROOT; };
		FA0E99C213B4A02C006D4129 /* MobileCoreServices.framework */ = {isa = PBXFileReference; lastKnownFileType = wrapper.framework; name = MobileCoreServices.framework; path = System/Library/Frameworks/MobileCoreServices.framework; sourceTree = SDKROOT; };
		FA0E99C613B4A02C006D4129 /* Lom-Info.plist */ = {isa = PBXFileReference; lastKnownFileType = text.plist.xml; path = "Lom-Info.plist"; sourceTree = "<group>"; };
		FA0E99C913B4A02C006D4129 /* en */ = {isa = PBXFileReference; lastKnownFileType = text.plist.strings; name = en; path = en.lproj/InfoPlist.strings; sourceTree = "<group>"; };
		FA0E99CB13B4A02C006D4129 /* Lom-Prefix.pch */ = {isa = PBXFileReference; lastKnownFileType = sourcecode.c.h; path = "Lom-Prefix.pch"; sourceTree = "<group>"; };
		FA0E99CC13B4A02C006D4129 /* main.m */ = {isa = PBXFileReference; lastKnownFileType = sourcecode.c.objc; path = main.m; sourceTree = "<group>"; };
		FA0E99CE13B4A02C006D4129 /* PhoneGap.framework */ = {isa = PBXFileReference; lastKnownFileType = wrapper.framework; name = PhoneGap.framework; path = /Users/Shared/PhoneGap/Frameworks/PhoneGap.framework; sourceTree = "<absolute>"; };
		FA0E99D213B4A02C006D4129 /* icon.png */ = {isa = PBXFileReference; lastKnownFileType = image.png; name = icon.png; path = Resources/icons/icon.png; sourceTree = "<group>"; };
		FA0E99D413B4A02C006D4129 /* icon@2x.png */ = {isa = PBXFileReference; lastKnownFileType = image.png; name = "icon@2x.png"; path = "Resources/icons/icon@2x.png"; sourceTree = "<group>"; };
		FA0E99D613B4A02C006D4129 /* icon-72.png */ = {isa = PBXFileReference; lastKnownFileType = image.png; name = "icon-72.png"; path = "Resources/icons/icon-72.png"; sourceTree = "<group>"; };
		FA0E99D913B4A02C006D4129 /* Default.png */ = {isa = PBXFileReference; lastKnownFileType = image.png; name = Default.png; path = Resources/splash/Default.png; sourceTree = "<group>"; };
		FA0E99DB13B4A02C006D4129 /* Default@2x.png */ = {isa = PBXFileReference; lastKnownFileType = image.png; name = "Default@2x.png"; path = "Resources/splash/Default@2x.png"; sourceTree = "<group>"; };
		FA0E99DD13B4A02C006D4129 /* Default~iPad.png */ = {isa = PBXFileReference; lastKnownFileType = image.png; name = "Default~iPad.png"; path = "Resources/splash/Default~iPad.png"; sourceTree = "<group>"; };
		FA0E99DF13B4A02C006D4129 /* PhoneGap.plist */ = {isa = PBXFileReference; lastKnownFileType = text.plist.xml; path = PhoneGap.plist; sourceTree = "<group>"; };
		FA0E99E213B4A02C006D4129 /* AppDelegate.h */ = {isa = PBXFileReference; lastKnownFileType = sourcecode.c.h; name = AppDelegate.h; path = Classes/AppDelegate.h; sourceTree = "<group>"; };
		FA0E99E413B4A02C006D4129 /* AppDelegate.m */ = {isa = PBXFileReference; lastKnownFileType = sourcecode.c.objc; name = AppDelegate.m; path = Classes/AppDelegate.m; sourceTree = "<group>"; };
		FA0E99E713B4A02C006D4129 /* README */ = {isa = PBXFileReference; lastKnownFileType = text; name = README; path = Plugins/README; sourceTree = "<group>"; };
		FA0E99EE13B4A0AE006D4129 /* www */ = {isa = PBXFileReference; lastKnownFileType = folder; name = www; path = Lom/www; sourceTree = "<group>"; };
/* End PBXFileReference section */

/* Begin PBXFrameworksBuildPhase section */
		FA0E99A213B4A02B006D4129 /* Frameworks */ = {
			isa = PBXFrameworksBuildPhase;
			buildActionMask = 2147483647;
			files = (
				FA0E99AD13B4A02C006D4129 /* Foundation.framework in Frameworks */,
				FA0E99AF13B4A02C006D4129 /* UIKit.framework in Frameworks */,
				FA0E99B113B4A02C006D4129 /* CoreGraphics.framework in Frameworks */,
				FA0E99B313B4A02C006D4129 /* AddressBook.framework in Frameworks */,
				FA0E99B513B4A02C006D4129 /* AddressBookUI.framework in Frameworks */,
				FA0E99B713B4A02C006D4129 /* AudioToolbox.framework in Frameworks */,
				FA0E99B913B4A02C006D4129 /* AVFoundation.framework in Frameworks */,
				FA0E99BB13B4A02C006D4129 /* CoreLocation.framework in Frameworks */,
				FA0E99BD13B4A02C006D4129 /* MediaPlayer.framework in Frameworks */,
				FA0E99BF13B4A02C006D4129 /* QuartzCore.framework in Frameworks */,
				FA0E99C113B4A02C006D4129 /* SystemConfiguration.framework in Frameworks */,
				FA0E99C313B4A02C006D4129 /* MobileCoreServices.framework in Frameworks */,
				FA0E99CF13B4A02C006D4129 /* PhoneGap.framework in Frameworks */,
			);
			runOnlyForDeploymentPostprocessing = 0;
		};
		FA0E99A513B4A02B006D4129 /* Frameworks */ = {
			isa = PBXFrameworksBuildPhase;
			buildActionMask = 2147483647;
			files = (
			);
			runOnlyForDeploymentPostprocessing = 0;
		};
/* End PBXFrameworksBuildPhase section */

/* Begin PBXGroup section */
		FA0E999A13B4A02B006D4129 = {
			isa = PBXGroup;
			children = (
				FA0E99EE13B4A0AE006D4129 /* www */,
				FA0E99C413B4A02C006D4129 /* Lom */,
				FA0E99AB13B4A02C006D4129 /* Frameworks */,
				FA0E99A913B4A02C006D4129 /* Products */,
			);
			sourceTree = "<group>";
		};
		FA0E99A913B4A02C006D4129 /* Products */ = {
			isa = PBXGroup;
			children = (
				FA0E99A813B4A02C006D4129 /* Lom.app */,
			);
			name = Products;
			sourceTree = "<group>";
		};
		FA0E99AB13B4A02C006D4129 /* Frameworks */ = {
			isa = PBXGroup;
			children = (
				FA0E99AC13B4A02C006D4129 /* Foundation.framework */,
				FA0E99AE13B4A02C006D4129 /* UIKit.framework */,
				FA0E99B013B4A02C006D4129 /* CoreGraphics.framework */,
				FA0E99B213B4A02C006D4129 /* AddressBook.framework */,
				FA0E99B413B4A02C006D4129 /* AddressBookUI.framework */,
				FA0E99B613B4A02C006D4129 /* AudioToolbox.framework */,
				FA0E99B813B4A02C006D4129 /* AVFoundation.framework */,
				FA0E99BA13B4A02C006D4129 /* CoreLocation.framework */,
				FA0E99BC13B4A02C006D4129 /* MediaPlayer.framework */,
				FA0E99BE13B4A02C006D4129 /* QuartzCore.framework */,
				FA0E99C013B4A02C006D4129 /* SystemConfiguration.framework */,
				FA0E99C213B4A02C006D4129 /* MobileCoreServices.framework */,
			);
			name = Frameworks;
			sourceTree = "<group>";
		};
		FA0E99C413B4A02C006D4129 /* Lom */ = {
			isa = PBXGroup;
			children = (
				FA0E99CE13B4A02C006D4129 /* PhoneGap.framework */,
				FA0E99D013B4A02C006D4129 /* Resources */,
				FA0E99E113B4A02C006D4129 /* Classes */,
				FA0E99E613B4A02C006D4129 /* Plugins */,
				FA0E99C513B4A02C006D4129 /* Supporting Files */,
			);
			path = Lom;
			sourceTree = "<group>";
		};
		FA0E99C513B4A02C006D4129 /* Supporting Files */ = {
			isa = PBXGroup;
			children = (
				FA0E99C613B4A02C006D4129 /* Lom-Info.plist */,
				FA0E99C813B4A02C006D4129 /* InfoPlist.strings */,
				FA0E99CB13B4A02C006D4129 /* Lom-Prefix.pch */,
				FA0E99CC13B4A02C006D4129 /* main.m */,
				FA0E99DF13B4A02C006D4129 /* PhoneGap.plist */,
			);
			name = "Supporting Files";
			sourceTree = "<group>";
		};
		FA0E99D013B4A02C006D4129 /* Resources */ = {
			isa = PBXGroup;
			children = (
				FA0E99D113B4A02C006D4129 /* icons */,
				FA0E99D813B4A02C006D4129 /* splash */,
			);
			name = Resources;
			sourceTree = "<group>";
		};
		FA0E99D113B4A02C006D4129 /* icons */ = {
			isa = PBXGroup;
			children = (
				FA0E99D213B4A02C006D4129 /* icon.png */,
				FA0E99D413B4A02C006D4129 /* icon@2x.png */,
				FA0E99D613B4A02C006D4129 /* icon-72.png */,
			);
			name = icons;
			sourceTree = "<group>";
		};
		FA0E99D813B4A02C006D4129 /* splash */ = {
			isa = PBXGroup;
			children = (
				FA0E99D913B4A02C006D4129 /* Default.png */,
				FA0E99DB13B4A02C006D4129 /* Default@2x.png */,
				FA0E99DD13B4A02C006D4129 /* Default~iPad.png */,
			);
			name = splash;
			sourceTree = "<group>";
		};
		FA0E99E113B4A02C006D4129 /* Classes */ = {
			isa = PBXGroup;
			children = (
				FA0E99E213B4A02C006D4129 /* AppDelegate.h */,
				FA0E99E413B4A02C006D4129 /* AppDelegate.m */,
			);
			name = Classes;
			sourceTree = "<group>";
		};
		FA0E99E613B4A02C006D4129 /* Plugins */ = {
			isa = PBXGroup;
			children = (
				FA0E99E713B4A02C006D4129 /* README */,
			);
			name = Plugins;
			sourceTree = "<group>";
		};
/* End PBXGroup section */

/* Begin PBXNativeTarget section */
		FA0E99A713B4A02B006D4129 /* Lom */ = {
			isa = PBXNativeTarget;
			buildConfigurationList = FA0E99EB13B4A02C006D4129 /* Build configuration list for PBXNativeTarget "Lom" */;
			buildPhases = (
				FA0E99A113B4A02B006D4129 /* Sources */,
				FA0E99A213B4A02B006D4129 /* Frameworks */,
				FA0E99A313B4A02B006D4129 /* Resources */,
				FA0E99A413B4A02B006D4129 /* Sources */,
				FA0E99A513B4A02B006D4129 /* Frameworks */,
				FA0E99A613B4A02B006D4129 /* ShellScript */,
			);
			buildRules = (
			);
			dependencies = (
			);
			name = Lom;
			productName = Lom;
			productReference = FA0E99A813B4A02C006D4129 /* Lom.app */;
			productType = "com.apple.product-type.application";
		};
/* End PBXNativeTarget section */

/* Begin PBXProject section */
		FA0E999C13B4A02B006D4129 /* Project object */ = {
			isa = PBXProject;
			attributes = {
				ORGANIZATIONNAME = Loxal;
			};
			buildConfigurationList = FA0E999F13B4A02B006D4129 /* Build configuration list for PBXProject "Lom" */;
			compatibilityVersion = "Xcode 3.2";
			developmentRegion = English;
			hasScannedForEncodings = 0;
			knownRegions = (
				en,
			);
			mainGroup = FA0E999A13B4A02B006D4129;
			productRefGroup = FA0E99A913B4A02C006D4129 /* Products */;
			projectDirPath = "";
			projectRoot = "";
			targets = (
				FA0E99A713B4A02B006D4129 /* Lom */,
			);
		};
/* End PBXProject section */

/* Begin PBXResourcesBuildPhase section */
		FA0E99A313B4A02B006D4129 /* Resources */ = {
			isa = PBXResourcesBuildPhase;
			buildActionMask = 2147483647;
			files = (
				FA0E99C713B4A02C006D4129 /* Lom-Info.plist in Resources */,
				FA0E99CA13B4A02C006D4129 /* InfoPlist.strings in Resources */,
				FA0E99D313B4A02C006D4129 /* icon.png in Resources */,
				FA0E99D513B4A02C006D4129 /* icon@2x.png in Resources */,
				FA0E99D713B4A02C006D4129 /* icon-72.png in Resources */,
				FA0E99DA13B4A02C006D4129 /* Default.png in Resources */,
				FA0E99DC13B4A02C006D4129 /* Default@2x.png in Resources */,
				FA0E99DE13B4A02C006D4129 /* Default~iPad.png in Resources */,
				FA0E99E013B4A02C006D4129 /* PhoneGap.plist in Resources */,
				FA0E99E313B4A02C006D4129 /* AppDelegate.h in Resources */,
				FA0E99E813B4A02C006D4129 /* README in Resources */,
				FA0E99EF13B4A0AE006D4129 /* www in Resources */,
			);
			runOnlyForDeploymentPostprocessing = 0;
		};
/* End PBXResourcesBuildPhase section */

/* Begin PBXShellScriptBuildPhase section */
		FA0E99A613B4A02B006D4129 /* ShellScript */ = {
			isa = PBXShellScriptBuildPhase;
			buildActionMask = 2147483647;
			files = (
			);
			inputPaths = (
			);
			outputPaths = (
			);
			runOnlyForDeploymentPostprocessing = 0;
			shellPath = /bin/bash;
			shellScript = "\n\t\t\t\t\t\t\t\tif [ ! -d \"$PROJECT_DIR/www\" ] ; then\n\t\t\t\t\t\t\t\t\tcp -R /Users/Shared/PhoneGap/Frameworks/PhoneGap.framework/www \"$PROJECT_DIR\"\n\t\t\t\t\t\t\t\tfi\n\t\t\t\t\t\t\t\t# detect www folder reference in project, if missing, print warning\n\t\t\t\t\t\t\t\tgrep \"{isa = PBXFileReference; lastKnownFileType = folder; path = www; sourceTree = \\\"<group>\\\"; };\" \"$PROJECT_DIR/$PROJECT_NAME.xcodeproj/project.pbxproj\"\n\t\t\t\t\t\t\t\trc=$? \n\t\t\t\t\t\t\t\tif [ $rc != 0 ] ; then\n\t\t\t\t\t\t\t\techo -e \"warning: Missing - Add $PROJECT_DIR/www as a folder reference in your project. Just drag and drop the folder into your project, in Xcode 4.\" 1>&2\n\t\t\t\t\t\t\t\tfi\t\t\t\t\t\t\t";
		};
/* End PBXShellScriptBuildPhase section */

/* Begin PBXSourcesBuildPhase section */
		FA0E99A113B4A02B006D4129 /* Sources */ = {
			isa = PBXSourcesBuildPhase;
			buildActionMask = 2147483647;
			files = (
				FA0E99CD13B4A02C006D4129 /* main.m in Sources */,
				FA0E99E513B4A02C006D4129 /* AppDelegate.m in Sources */,
			);
			runOnlyForDeploymentPostprocessing = 0;
		};
		FA0E99A413B4A02B006D4129 /* Sources */ = {
			isa = PBXSourcesBuildPhase;
			buildActionMask = 2147483647;
			files = (
			);
			runOnlyForDeploymentPostprocessing = 0;
		};
/* End PBXSourcesBuildPhase section */

/* Begin PBXVariantGroup section */
		FA0E99C813B4A02C006D4129 /* InfoPlist.strings */ = {
			isa = PBXVariantGroup;
			children = (
				FA0E99C913B4A02C006D4129 /* en */,
			);
			name = InfoPlist.strings;
			sourceTree = "<group>";
		};
/* End PBXVariantGroup section */

/* Begin XCBuildConfiguration section */
		FA0E99E913B4A02C006D4129 /* Debug */ = {
			isa = XCBuildConfiguration;
			buildSettings = {
				ARCHS = "$(ARCHS_STANDARD_32_BIT)";
				"CODE_SIGN_IDENTITY[sdk=iphoneos*]" = "iPhone Developer";
				GCC_C_LANGUAGE_STANDARD = gnu99;
				GCC_OPTIMIZATION_LEVEL = 0;
				GCC_PREPROCESSOR_DEFINITIONS = DEBUG;
				GCC_SYMBOLS_PRIVATE_EXTERN = NO;
				GCC_VERSION = com.apple.compilers.llvmgcc42;
				GCC_WARN_ABOUT_RETURN_TYPE = YES;
				GCC_WARN_UNUSED_VARIABLE = YES;
				IPHONEOS_DEPLOYMENT_TARGET = 3.1;
				SDKROOT = iphoneos;
			};
			name = Debug;
		};
		FA0E99EA13B4A02C006D4129 /* Release */ = {
			isa = XCBuildConfiguration;
			buildSettings = {
				ARCHS = "$(ARCHS_STANDARD_32_BIT)";
				"CODE_SIGN_IDENTITY[sdk=iphoneos*]" = "iPhone Developer";
				GCC_C_LANGUAGE_STANDARD = gnu99;
				GCC_VERSION = com.apple.compilers.llvmgcc42;
				GCC_WARN_ABOUT_RETURN_TYPE = YES;
				GCC_WARN_UNUSED_VARIABLE = YES;
				IPHONEOS_DEPLOYMENT_TARGET = 3.1;
				SDKROOT = iphoneos;
			};
			name = Release;
		};
		FA0E99EC13B4A02C006D4129 /* Debug */ = {
			isa = XCBuildConfiguration;
			buildSettings = {
				ALWAYS_SEARCH_USER_PATHS = YES;
				COPY_PHASE_STRIP = NO;
				FRAMEWORK_SEARCH_PATHS = /Users/Shared/PhoneGap/Frameworks;
				GCC_DYNAMIC_NO_PIC = NO;
				GCC_PRECOMPILE_PREFIX_HEADER = YES;
				GCC_PREFIX_HEADER = "Lom/Lom-Prefix.pch";
				GCC_PREPROCESSOR_DEFINITIONS = "PHONEGAP_FRAMEWORK=YES";
				INFOPLIST_FILE = "Lom/Lom-Info.plist";
				IPHONEOS_DEPLOYMENT_TARGET = 4.3;
				PRODUCT_NAME = "$(TARGET_NAME)";
				TARGETED_DEVICE_FAMILY = "1,2";
				WRAPPER_EXTENSION = app;
			};
			name = Debug;
		};
		FA0E99ED13B4A02C006D4129 /* Release */ = {
			isa = XCBuildConfiguration;
			buildSettings = {
				ALWAYS_SEARCH_USER_PATHS = YES;
				COPY_PHASE_STRIP = YES;
				DEBUG_INFORMATION_FORMAT = "dwarf-with-dsym";
				FRAMEWORK_SEARCH_PATHS = /Users/Shared/PhoneGap/Frameworks;
				GCC_PRECOMPILE_PREFIX_HEADER = YES;
				GCC_PREFIX_HEADER = "Lom/Lom-Prefix.pch";
				GCC_PREPROCESSOR_DEFINITIONS = "PHONEGAP_FRAMEWORK=YES";
				INFOPLIST_FILE = "Lom/Lom-Info.plist";
				IPHONEOS_DEPLOYMENT_TARGET = 4.3;
				PRODUCT_NAME = "$(TARGET_NAME)";
				TARGETED_DEVICE_FAMILY = "1,2";
				VALIDATE_PRODUCT = YES;
				WRAPPER_EXTENSION = app;
			};
			name = Release;
		};
/* End XCBuildConfiguration section */

/* Begin XCConfigurationList section */
		FA0E999F13B4A02B006D4129 /* Build configuration list for PBXProject "Lom" */ = {
			isa = XCConfigurationList;
			buildConfigurations = (
				FA0E99E913B4A02C006D4129 /* Debug */,
				FA0E99EA13B4A02C006D4129 /* Release */,
			);
			defaultConfigurationIsVisible = 0;
			defaultConfigurationName = Release;
		};
		FA0E99EB13B4A02C006D4129 /* Build configuration list for PBXNativeTarget "Lom" */ = {
			isa = XCConfigurationList;
			buildConfigurations = (
				FA0E99EC13B4A02C006D4129 /* Debug */,
				FA0E99ED13B4A02C006D4129 /* Release */,
			);
			defaultConfigurationIsVisible = 0;
		};
/* End XCConfigurationList section */
	};
	rootObject = FA0E999C13B4A02B006D4129 /* Project object */;
}
